
Microsoft Visual Studio Solution File, Format Version 12.00
# Visual Studio Version 16
VisualStudioVersion = 16.0.29123.88
MinimumVisualStudioVersion = 10.0.40219.1
Project("{8BC9CEB8-8B4A-11D0-8D11-00A0C91BC942}") = "Chapter3", "Chapter3\Chapter3.vcxproj", "{A9190FD7-EE64-460B-8C05-6D2BDFA33F28}"
EndProject
Project("{8BC9CEB8-8B4A-11D0-8D11-00A0C91BC942}") = "FormLetter", "FormLetter\FormLetter.vcxproj", "{C71C4A9B-E552-41ED-973E-55DDC3F33536}"
EndProject
Project("{8BC9CEB8-8B4A-11D0-8D11-00A0C91BC942}") = "OrderedNumbers", "OrderedNumbers\OrderedNumbers.vcxproj", "{E45F49B6-3243-4313-99F1-9A96D51FC86E}"
EndProject
Project("{8BC9CEB8-8B4A-11D0-8D11-00A0C91BC942}") = "OrderedWords", "OrderedWords\OrderedWords.vcxproj", "{8EB13AA0-D0A3-442C-BF8B-0C5F61CB0A86}"
EndProject
Project("{8BC9CEB8-8B4A-11D0-8D11-00A0C91BC942}") = "SpelledOutNumbers", "SpelledOutNumbers\SpelledOutNumbers.vcxproj", "{C98E78AF-77A0-4791-94BA-A20C31CDF2F4}"
EndProject
Project("{8BC9CEB8-8B4A-11D0-8D11-00A0C91BC942}") = "OperationComputer", "OperationComputer\OperationComputer.vcxproj", "{4C961889-5C12-4A42-90DF-A05E73ACD50A}"
EndProject
Project("{8BC9CEB8-8B4A-11D0-8D11-00A0C91BC942}") = "TotalCentsCalculator", "TotalCentsCalculator\TotalCentsCalculator.vcxproj", "{7307A11B-1E32-4F36-B251-759BA77E13C8}"
EndProject
Global
	GlobalSection(SolutionConfigurationPlatforms) = preSolution
		Debug|x64 = Debug|x64
		Debug|x86 = Debug|x86
		Release|x64 = Release|x64
		Release|x86 = Release|x86
	EndGlobalSection
	GlobalSection(ProjectConfigurationPlatforms) = postSolution
		{A9190FD7-EE64-460B-8C05-6D2BDFA33F28}.Debug|x64.ActiveCfg = Debug|x64
		{A9190FD7-EE64-460B-8C05-6D2BDFA33F28}.Debug|x64.Build.0 = Debug|x64
		{A9190FD7-EE64-460B-8C05-6D2BDFA33F28}.Debug|x86.ActiveCfg = Debug|Win32
		{A9190FD7-EE64-460B-8C05-6D2BDFA33F28}.Debug|x86.Build.0 = Debug|Win32
		{A9190FD7-EE64-460B-8C05-6D2BDFA33F28}.Release|x64.ActiveCfg = Release|x64
		{A9190FD7-EE64-460B-8C05-6D2BDFA33F28}.Release|x64.Build.0 = Release|x64
		{A9190FD7-EE64-460B-8C05-6D2BDFA33F28}.Release|x86.ActiveCfg = Release|Win32
		{A9190FD7-EE64-460B-8C05-6D2BDFA33F28}.Release|x86.Build.0 = Release|Win32
		{C71C4A9B-E552-41ED-973E-55DDC3F33536}.Debug|x64.ActiveCfg = Debug|x64
		{C71C4A9B-E552-41ED-973E-55DDC3F33536}.Debug|x64.Build.0 = Debug|x64
		{C71C4A9B-E552-41ED-973E-55DDC3F33536}.Debug|x86.ActiveCfg = Debug|Win32
		{C71C4A9B-E552-41ED-973E-55DDC3F33536}.Debug|x86.Build.0 = Debug|Win32
		{C71C4A9B-E552-41ED-973E-55DDC3F33536}.Release|x64.ActiveCfg = Release|x64
		{C71C4A9B-E552-41ED-973E-55DDC3F33536}.Release|x64.Build.0 = Release|x64
		{C71C4A9B-E552-41ED-973E-55DDC3F33536}.Release|x86.ActiveCfg = Release|Win32
		{C71C4A9B-E552-41ED-973E-55DDC3F33536}.Release|x86.Build.0 = Release|Win32
		{E45F49B6-3243-4313-99F1-9A96D51FC86E}.Debug|x64.ActiveCfg = Debug|x64
		{E45F49B6-3243-4313-99F1-9A96D51FC86E}.Debug|x64.Build.0 = Debug|x64
		{E45F49B6-3243-4313-99F1-9A96D51FC86E}.Debug|x86.ActiveCfg = Debug|Win32
		{E45F49B6-3243-4313-99F1-9A96D51FC86E}.Debug|x86.Build.0 = Debug|Win32
		{E45F49B6-3243-4313-99F1-9A96D51FC86E}.Release|x64.ActiveCfg = Release|x64
		{E45F49B6-3243-4313-99F1-9A96D51FC86E}.Release|x64.Build.0 = Release|x64
		{E45F49B6-3243-4313-99F1-9A96D51FC86E}.Release|x86.ActiveCfg = Release|Win32
		{E45F49B6-3243-4313-99F1-9A96D51FC86E}.Release|x86.Build.0 = Release|Win32
		{8EB13AA0-D0A3-442C-BF8B-0C5F61CB0A86}.Debug|x64.ActiveCfg = Debug|x64
		{8EB13AA0-D0A3-442C-BF8B-0C5F61CB0A86}.Debug|x64.Build.0 = Debug|x64
		{8EB13AA0-D0A3-442C-BF8B-0C5F61CB0A86}.Debug|x86.ActiveCfg = Debug|Win32
		{8EB13AA0-D0A3-442C-BF8B-0C5F61CB0A86}.Debug|x86.Build.0 = Debug|Win32
		{8EB13AA0-D0A3-442C-BF8B-0C5F61CB0A86}.Release|x64.ActiveCfg = Release|x64
		{8EB13AA0-D0A3-442C-BF8B-0C5F61CB0A86}.Release|x64.Build.0 = Release|x64
		{8EB13AA0-D0A3-442C-BF8B-0C5F61CB0A86}.Release|x86.ActiveCfg = Release|Win32
		{8EB13AA0-D0A3-442C-BF8B-0C5F61CB0A86}.Release|x86.Build.0 = Release|Win32
		{C98E78AF-77A0-4791-94BA-A20C31CDF2F4}.Debug|x64.ActiveCfg = Debug|x64
		{C98E78AF-77A0-4791-94BA-A20C31CDF2F4}.Debug|x64.Build.0 = Debug|x64
		{C98E78AF-77A0-4791-94BA-A20C31CDF2F4}.Debug|x86.ActiveCfg = Debug|Win32
		{C98E78AF-77A0-4791-94BA-A20C31CDF2F4}.Debug|x86.Build.0 = Debug|Win32
		{C98E78AF-77A0-4791-94BA-A20C31CDF2F4}.Release|x64.ActiveCfg = Release|x64
		{C98E78AF-77A0-4791-94BA-A20C31CDF2F4}.Release|x64.Build.0 = Release|x64
		{C98E78AF-77A0-4791-94BA-A20C31CDF2F4}.Release|x86.ActiveCfg = Release|Win32
		{C98E78AF-77A0-4791-94BA-A20C31CDF2F4}.Release|x86.Build.0 = Release|Win32
		{4C961889-5C12-4A42-90DF-A05E73ACD50A}.Debug|x64.ActiveCfg = Debug|x64
		{4C961889-5C12-4A42-90DF-A05E73ACD50A}.Debug|x64.Build.0 = Debug|x64
		{4C961889-5C12-4A42-90DF-A05E73ACD50A}.Debug|x86.ActiveCfg = Debug|Win32
		{4C961889-5C12-4A42-90DF-A05E73ACD50A}.Debug|x86.Build.0 = Debug|Win32
		{4C961889-5C12-4A42-90DF-A05E73ACD50A}.Release|x64.ActiveCfg = Release|x64
		{4C961889-5C12-4A42-90DF-A05E73ACD50A}.Release|x64.Build.0 = Release|x64
		{4C961889-5C12-4A42-90DF-A05E73ACD50A}.Release|x86.ActiveCfg = Release|Win32
		{4C961889-5C12-4A42-90DF-A05E73ACD50A}.Release|x86.Build.0 = Release|Win32
		{7307A11B-1E32-4F36-B251-759BA77E13C8}.Debug|x64.ActiveCfg = Debug|x64
		{7307A11B-1E32-4F36-B251-759BA77E13C8}.Debug|x64.Build.0 = Debug|x64
		{7307A11B-1E32-4F36-B251-759BA77E13C8}.Debug|x86.ActiveCfg = Debug|Win32
		{7307A11B-1E32-4F36-B251-759BA77E13C8}.Debug|x86.Build.0 = Debug|Win32
		{7307A11B-1E32-4F36-B251-759BA77E13C8}.Release|x64.ActiveCfg = Release|x64
		{7307A11B-1E32-4F36-B251-759BA77E13C8}.Release|x64.Build.0 = Release|x64
		{7307A11B-1E32-4F36-B251-759BA77E13C8}.Release|x86.ActiveCfg = Release|Win32
		{7307A11B-1E32-4F36-B251-759BA77E13C8}.Release|x86.Build.0 = Release|Win32
	EndGlobalSection
	GlobalSection(SolutionProperties) = preSolution
		HideSolutionNode = FALSE
	EndGlobalSection
	GlobalSection(ExtensibilityGlobals) = postSolution
		SolutionGuid = {5166DFFF-68E6-497B-A547-FA059053F513}
	EndGlobalSection
EndGlobal
