
Microsoft Visual Studio Solution File, Format Version 12.00
# Visual Studio Version 16
VisualStudioVersion = 16.0.29123.88
MinimumVisualStudioVersion = 10.0.40219.1
Project("{8BC9CEB8-8B4A-11D0-8D11-00A0C91BC942}") = "TryThis1", "TryThis1\TryThis1.vcxproj", "{944F46C5-30C9-4F45-96B9-88BF63B0A7AE}"
EndProject
Project("{8BC9CEB8-8B4A-11D0-8D11-00A0C91BC942}") = "TryThis2", "TryThis2\TryThis2.vcxproj", "{5337E888-6EE9-41A4-84B7-819F6BBD88F3}"
EndProject
Project("{8BC9CEB8-8B4A-11D0-8D11-00A0C91BC942}") = "TryThis3", "TryThis3\TryThis3.vcxproj", "{7DE43EBB-5C39-458D-92B6-CAF20CC6C382}"
EndProject
Project("{8BC9CEB8-8B4A-11D0-8D11-00A0C91BC942}") = "TryThis4", "TryThis4\TryThis4.vcxproj", "{6240CD9F-8098-465A-93B9-82D91B90E6D1}"
EndProject
Project("{8BC9CEB8-8B4A-11D0-8D11-00A0C91BC942}") = "TryThis5", "TryThis5\TryThis5.vcxproj", "{5F901EF6-B6AA-4DA4-9AE7-8A84D3C0AC42}"
EndProject
Project("{8BC9CEB8-8B4A-11D0-8D11-00A0C91BC942}") = "TryThis6", "TryThis6\TryThis6.vcxproj", "{8702862F-CABA-4090-9CD0-A9D4A7E29959}"
EndProject
Global
	GlobalSection(SolutionConfigurationPlatforms) = preSolution
		Debug|x64 = Debug|x64
		Debug|x86 = Debug|x86
		Release|x64 = Release|x64
		Release|x86 = Release|x86
	EndGlobalSection
	GlobalSection(ProjectConfigurationPlatforms) = postSolution
		{944F46C5-30C9-4F45-96B9-88BF63B0A7AE}.Debug|x64.ActiveCfg = Debug|x64
		{944F46C5-30C9-4F45-96B9-88BF63B0A7AE}.Debug|x64.Build.0 = Debug|x64
		{944F46C5-30C9-4F45-96B9-88BF63B0A7AE}.Debug|x86.ActiveCfg = Debug|Win32
		{944F46C5-30C9-4F45-96B9-88BF63B0A7AE}.Debug|x86.Build.0 = Debug|Win32
		{944F46C5-30C9-4F45-96B9-88BF63B0A7AE}.Release|x64.ActiveCfg = Release|x64
		{944F46C5-30C9-4F45-96B9-88BF63B0A7AE}.Release|x64.Build.0 = Release|x64
		{944F46C5-30C9-4F45-96B9-88BF63B0A7AE}.Release|x86.ActiveCfg = Release|Win32
		{944F46C5-30C9-4F45-96B9-88BF63B0A7AE}.Release|x86.Build.0 = Release|Win32
		{5337E888-6EE9-41A4-84B7-819F6BBD88F3}.Debug|x64.ActiveCfg = Debug|x64
		{5337E888-6EE9-41A4-84B7-819F6BBD88F3}.Debug|x64.Build.0 = Debug|x64
		{5337E888-6EE9-41A4-84B7-819F6BBD88F3}.Debug|x86.ActiveCfg = Debug|Win32
		{5337E888-6EE9-41A4-84B7-819F6BBD88F3}.Debug|x86.Build.0 = Debug|Win32
		{5337E888-6EE9-41A4-84B7-819F6BBD88F3}.Release|x64.ActiveCfg = Release|x64
		{5337E888-6EE9-41A4-84B7-819F6BBD88F3}.Release|x64.Build.0 = Release|x64
		{5337E888-6EE9-41A4-84B7-819F6BBD88F3}.Release|x86.ActiveCfg = Release|Win32
		{5337E888-6EE9-41A4-84B7-819F6BBD88F3}.Release|x86.Build.0 = Release|Win32
		{7DE43EBB-5C39-458D-92B6-CAF20CC6C382}.Debug|x64.ActiveCfg = Debug|x64
		{7DE43EBB-5C39-458D-92B6-CAF20CC6C382}.Debug|x64.Build.0 = Debug|x64
		{7DE43EBB-5C39-458D-92B6-CAF20CC6C382}.Debug|x86.ActiveCfg = Debug|Win32
		{7DE43EBB-5C39-458D-92B6-CAF20CC6C382}.Debug|x86.Build.0 = Debug|Win32
		{7DE43EBB-5C39-458D-92B6-CAF20CC6C382}.Release|x64.ActiveCfg = Release|x64
		{7DE43EBB-5C39-458D-92B6-CAF20CC6C382}.Release|x64.Build.0 = Release|x64
		{7DE43EBB-5C39-458D-92B6-CAF20CC6C382}.Release|x86.ActiveCfg = Release|Win32
		{7DE43EBB-5C39-458D-92B6-CAF20CC6C382}.Release|x86.Build.0 = Release|Win32
		{6240CD9F-8098-465A-93B9-82D91B90E6D1}.Debug|x64.ActiveCfg = Debug|x64
		{6240CD9F-8098-465A-93B9-82D91B90E6D1}.Debug|x64.Build.0 = Debug|x64
		{6240CD9F-8098-465A-93B9-82D91B90E6D1}.Debug|x86.ActiveCfg = Debug|Win32
		{6240CD9F-8098-465A-93B9-82D91B90E6D1}.Debug|x86.Build.0 = Debug|Win32
		{6240CD9F-8098-465A-93B9-82D91B90E6D1}.Release|x64.ActiveCfg = Release|x64
		{6240CD9F-8098-465A-93B9-82D91B90E6D1}.Release|x64.Build.0 = Release|x64
		{6240CD9F-8098-465A-93B9-82D91B90E6D1}.Release|x86.ActiveCfg = Release|Win32
		{6240CD9F-8098-465A-93B9-82D91B90E6D1}.Release|x86.Build.0 = Release|Win32
		{5F901EF6-B6AA-4DA4-9AE7-8A84D3C0AC42}.Debug|x64.ActiveCfg = Debug|x64
		{5F901EF6-B6AA-4DA4-9AE7-8A84D3C0AC42}.Debug|x64.Build.0 = Debug|x64
		{5F901EF6-B6AA-4DA4-9AE7-8A84D3C0AC42}.Debug|x86.ActiveCfg = Debug|Win32
		{5F901EF6-B6AA-4DA4-9AE7-8A84D3C0AC42}.Debug|x86.Build.0 = Debug|Win32
		{5F901EF6-B6AA-4DA4-9AE7-8A84D3C0AC42}.Release|x64.ActiveCfg = Release|x64
		{5F901EF6-B6AA-4DA4-9AE7-8A84D3C0AC42}.Release|x64.Build.0 = Release|x64
		{5F901EF6-B6AA-4DA4-9AE7-8A84D3C0AC42}.Release|x86.ActiveCfg = Release|Win32
		{5F901EF6-B6AA-4DA4-9AE7-8A84D3C0AC42}.Release|x86.Build.0 = Release|Win32
		{8702862F-CABA-4090-9CD0-A9D4A7E29959}.Debug|x64.ActiveCfg = Debug|x64
		{8702862F-CABA-4090-9CD0-A9D4A7E29959}.Debug|x64.Build.0 = Debug|x64
		{8702862F-CABA-4090-9CD0-A9D4A7E29959}.Debug|x86.ActiveCfg = Debug|Win32
		{8702862F-CABA-4090-9CD0-A9D4A7E29959}.Debug|x86.Build.0 = Debug|Win32
		{8702862F-CABA-4090-9CD0-A9D4A7E29959}.Release|x64.ActiveCfg = Release|x64
		{8702862F-CABA-4090-9CD0-A9D4A7E29959}.Release|x64.Build.0 = Release|x64
		{8702862F-CABA-4090-9CD0-A9D4A7E29959}.Release|x86.ActiveCfg = Release|Win32
		{8702862F-CABA-4090-9CD0-A9D4A7E29959}.Release|x86.Build.0 = Release|Win32
	EndGlobalSection
	GlobalSection(SolutionProperties) = preSolution
		HideSolutionNode = FALSE
	EndGlobalSection
	GlobalSection(ExtensibilityGlobals) = postSolution
		SolutionGuid = {75233C09-7E2E-4875-9BAE-AFC02AB2648E}
	EndGlobalSection
EndGlobal
